
Microsoft Visual Studio Solution File, Format Version 12.00
# Visual Studio Version 17
VisualStudioVersion = 17.11.35327.3
MinimumVisualStudioVersion = 10.0.40219.1
Project("{FAE04EC0-301F-11D3-BF4B-00C04F79EFBC}") = "NotificationService", "NotificationService.csproj", "{DA56ED2F-3132-459E-BE72-7228126A9D33}"
EndProject
Project("{FAE04EC0-301F-11D3-BF4B-00C04F79EFBC}") = "NotificationService.Service", "..\NotificationService.Service\NotificationService.Service.csproj", "{6A3A34A6-7299-4262-9E86-259B27E4A0F6}"
EndProject
Project("{FAE04EC0-301F-11D3-BF4B-00C04F79EFBC}") = "NotificationService.Infrastructure", "..\NotificationService.Infrastructure\NotificationService.Infrastructure.csproj", "{9371F4FB-4BA9-4B70-B0A3-CB780C71B3E1}"
EndProject
Project("{FAE04EC0-301F-11D3-BF4B-00C04F79EFBC}") = "NotificationService.Domain", "..\NotificationService.Domain\NotificationService.Domain.csproj", "{176DF264-16E8-4691-8FE4-EB82F920A96D}"
EndProject
Global
	GlobalSection(SolutionConfigurationPlatforms) = preSolution
		Debug|Any CPU = Debug|Any CPU
		Release|Any CPU = Release|Any CPU
	EndGlobalSection
	GlobalSection(ProjectConfigurationPlatforms) = postSolution
		{DA56ED2F-3132-459E-BE72-7228126A9D33}.Debug|Any CPU.ActiveCfg = Debug|Any CPU
		{DA56ED2F-3132-459E-BE72-7228126A9D33}.Debug|Any CPU.Build.0 = Debug|Any CPU
		{DA56ED2F-3132-459E-BE72-7228126A9D33}.Release|Any CPU.ActiveCfg = Release|Any CPU
		{DA56ED2F-3132-459E-BE72-7228126A9D33}.Release|Any CPU.Build.0 = Release|Any CPU
		{6A3A34A6-7299-4262-9E86-259B27E4A0F6}.Debug|Any CPU.ActiveCfg = Debug|Any CPU
		{6A3A34A6-7299-4262-9E86-259B27E4A0F6}.Debug|Any CPU.Build.0 = Debug|Any CPU
		{6A3A34A6-7299-4262-9E86-259B27E4A0F6}.Release|Any CPU.ActiveCfg = Release|Any CPU
		{6A3A34A6-7299-4262-9E86-259B27E4A0F6}.Release|Any CPU.Build.0 = Release|Any CPU
		{9371F4FB-4BA9-4B70-B0A3-CB780C71B3E1}.Debug|Any CPU.ActiveCfg = Debug|Any CPU
		{9371F4FB-4BA9-4B70-B0A3-CB780C71B3E1}.Debug|Any CPU.Build.0 = Debug|Any CPU
		{9371F4FB-4BA9-4B70-B0A3-CB780C71B3E1}.Release|Any CPU.ActiveCfg = Release|Any CPU
		{9371F4FB-4BA9-4B70-B0A3-CB780C71B3E1}.Release|Any CPU.Build.0 = Release|Any CPU
		{176DF264-16E8-4691-8FE4-EB82F920A96D}.Debug|Any CPU.ActiveCfg = Debug|Any CPU
		{176DF264-16E8-4691-8FE4-EB82F920A96D}.Debug|Any CPU.Build.0 = Debug|Any CPU
		{176DF264-16E8-4691-8FE4-EB82F920A96D}.Release|Any CPU.ActiveCfg = Release|Any CPU
		{176DF264-16E8-4691-8FE4-EB82F920A96D}.Release|Any CPU.Build.0 = Release|Any CPU
	EndGlobalSection
	GlobalSection(SolutionProperties) = preSolution
		HideSolutionNode = FALSE
	EndGlobalSection
	GlobalSection(ExtensibilityGlobals) = postSolution
		SolutionGuid = {95222852-2912-46FE-8172-C1610A17FEAC}
	EndGlobalSection
EndGlobal
