
Microsoft Visual Studio Solution File, Format Version 12.00
# Visual Studio Version 17
VisualStudioVersion = 17.11.35327.3
MinimumVisualStudioVersion = 10.0.40219.1
Project("{9A19103F-16F7-4668-BE54-9A1E7A4F7556}") = "MotorcycleService", "MotorcycleService.csproj", "{E4C6532C-CD55-4DB1-AEE4-01CFCB07D807}"
EndProject
Project("{9A19103F-16F7-4668-BE54-9A1E7A4F7556}") = "MotorcycleService.Application", "..\MotorcycleService.Application\MotorcycleService.Application.csproj", "{57BD6FA8-C0A1-4A6D-8EAB-F7FDB59A6008}"
EndProject
Project("{9A19103F-16F7-4668-BE54-9A1E7A4F7556}") = "MotorcycleService.Domain", "..\MotorcycleService.Domain\MotorcycleService.Domain.csproj", "{DB206FD1-9FF3-4842-8DF0-892964BAEBDC}"
EndProject
Project("{9A19103F-16F7-4668-BE54-9A1E7A4F7556}") = "MotorcycleService.Infrastructure", "..\MotorcycleService.Infrastructure\MotorcycleService.Infrastructure.csproj", "{EA01DCF2-160C-4DB4-86D4-66F114A8D385}"
EndProject
Global
	GlobalSection(SolutionConfigurationPlatforms) = preSolution
		Debug|Any CPU = Debug|Any CPU
		Release|Any CPU = Release|Any CPU
	EndGlobalSection
	GlobalSection(ProjectConfigurationPlatforms) = postSolution
		{E4C6532C-CD55-4DB1-AEE4-01CFCB07D807}.Debug|Any CPU.ActiveCfg = Debug|Any CPU
		{E4C6532C-CD55-4DB1-AEE4-01CFCB07D807}.Debug|Any CPU.Build.0 = Debug|Any CPU
		{E4C6532C-CD55-4DB1-AEE4-01CFCB07D807}.Release|Any CPU.ActiveCfg = Release|Any CPU
		{E4C6532C-CD55-4DB1-AEE4-01CFCB07D807}.Release|Any CPU.Build.0 = Release|Any CPU
		{57BD6FA8-C0A1-4A6D-8EAB-F7FDB59A6008}.Debug|Any CPU.ActiveCfg = Debug|Any CPU
		{57BD6FA8-C0A1-4A6D-8EAB-F7FDB59A6008}.Debug|Any CPU.Build.0 = Debug|Any CPU
		{57BD6FA8-C0A1-4A6D-8EAB-F7FDB59A6008}.Release|Any CPU.ActiveCfg = Release|Any CPU
		{57BD6FA8-C0A1-4A6D-8EAB-F7FDB59A6008}.Release|Any CPU.Build.0 = Release|Any CPU
		{DB206FD1-9FF3-4842-8DF0-892964BAEBDC}.Debug|Any CPU.ActiveCfg = Debug|Any CPU
		{DB206FD1-9FF3-4842-8DF0-892964BAEBDC}.Debug|Any CPU.Build.0 = Debug|Any CPU
		{DB206FD1-9FF3-4842-8DF0-892964BAEBDC}.Release|Any CPU.ActiveCfg = Release|Any CPU
		{DB206FD1-9FF3-4842-8DF0-892964BAEBDC}.Release|Any CPU.Build.0 = Release|Any CPU
		{EA01DCF2-160C-4DB4-86D4-66F114A8D385}.Debug|Any CPU.ActiveCfg = Debug|Any CPU
		{EA01DCF2-160C-4DB4-86D4-66F114A8D385}.Debug|Any CPU.Build.0 = Debug|Any CPU
		{EA01DCF2-160C-4DB4-86D4-66F114A8D385}.Release|Any CPU.ActiveCfg = Release|Any CPU
		{EA01DCF2-160C-4DB4-86D4-66F114A8D385}.Release|Any CPU.Build.0 = Release|Any CPU
	EndGlobalSection
	GlobalSection(SolutionProperties) = preSolution
		HideSolutionNode = FALSE
	EndGlobalSection
	GlobalSection(ExtensibilityGlobals) = postSolution
		SolutionGuid = {0B58B24B-C7A8-4106-A0C4-EEB61D7C5AF3}
	EndGlobalSection
EndGlobal
